
Microsoft Visual Studio Solution File, Format Version 12.00
# Visual Studio 15
VisualStudioVersion = 15.0.28010.2016
MinimumVisualStudioVersion = 10.0.40219.1
Project("{FAE04EC0-301F-11D3-BF4B-00C04F79EFBC}") = "AppBiz", "AppBiz\AppBiz.csproj", "{A7FAC9C6-C158-4EC9-8E32-683C3A39010E}"
EndProject
Global
	GlobalSection(SolutionConfigurationPlatforms) = preSolution
		Debug|Any CPU = Debug|Any CPU
		Release|Any CPU = Release|Any CPU
	EndGlobalSection
	GlobalSection(ProjectConfigurationPlatforms) = postSolution
		{A7FAC9C6-C158-4EC9-8E32-683C3A39010E}.Debug|Any CPU.ActiveCfg = Debug|Any CPU
		{A7FAC9C6-C158-4EC9-8E32-683C3A39010E}.Debug|Any CPU.Build.0 = Debug|Any CPU
		{A7FAC9C6-C158-4EC9-8E32-683C3A39010E}.Release|Any CPU.ActiveCfg = Release|Any CPU
		{A7FAC9C6-C158-4EC9-8E32-683C3A39010E}.Release|Any CPU.Build.0 = Release|Any CPU
	EndGlobalSection
	GlobalSection(SolutionProperties) = preSolution
		HideSolutionNode = FALSE
	EndGlobalSection
	GlobalSection(ExtensibilityGlobals) = postSolution
		SolutionGuid = {562B48D0-385E-4B4C-AE47-FFCD9FAFFD87}
	EndGlobalSection
EndGlobal
